
Microsoft Visual Studio Solution File, Format Version 12.00
# Visual Studio Version 16
VisualStudioVersion = 16.0.30523.141
MinimumVisualStudioVersion = 10.0.40219.1
Project("{FAE04EC0-301F-11D3-BF4B-00C04F79EFBC}") = "SuperFunElection", "SuperFunElection\SuperFunElection.csproj", "{789E81C0-B9AF-41CC-A34E-3D6329F502D5}"
EndProject
Global
	GlobalSection(SolutionConfigurationPlatforms) = preSolution
		Debug|Any CPU = Debug|Any CPU
		Release|Any CPU = Release|Any CPU
	EndGlobalSection
	GlobalSection(ProjectConfigurationPlatforms) = postSolution
		{789E81C0-B9AF-41CC-A34E-3D6329F502D5}.Debug|Any CPU.ActiveCfg = Debug|Any CPU
		{789E81C0-B9AF-41CC-A34E-3D6329F502D5}.Debug|Any CPU.Build.0 = Debug|Any CPU
		{789E81C0-B9AF-41CC-A34E-3D6329F502D5}.Release|Any CPU.ActiveCfg = Release|Any CPU
		{789E81C0-B9AF-41CC-A34E-3D6329F502D5}.Release|Any CPU.Build.0 = Release|Any CPU
	EndGlobalSection
	GlobalSection(SolutionProperties) = preSolution
		HideSolutionNode = FALSE
	EndGlobalSection
	GlobalSection(ExtensibilityGlobals) = postSolution
		SolutionGuid = {3AF307FF-42E9-49F8-BA09-1F26121FE8EB}
	EndGlobalSection
EndGlobal
